
Microsoft Visual Studio Solution File, Format Version 12.00
# Visual Studio Version 16
VisualStudioVersion = 16.0.30621.155
MinimumVisualStudioVersion = 10.0.40219.1
Project("{FAE04EC0-301F-11D3-BF4B-00C04F79EFBC}") = "20201201-01", "20201201-01\20201201-01.csproj", "{03C66A74-6D12-4D83-8A6D-FB924EC23875}"
EndProject
Project("{FAE04EC0-301F-11D3-BF4B-00C04F79EFBC}") = "20201201-02", "20201201-02\20201201-02.csproj", "{F8B9FA76-D471-4146-9FFE-E3BB4A47F7EC}"
EndProject
Project("{FAE04EC0-301F-11D3-BF4B-00C04F79EFBC}") = "20201202-01", "20201202-01\20201202-01.csproj", "{F5E1499F-0F4E-4BAE-9D42-7C175923F59C}"
EndProject
Project("{FAE04EC0-301F-11D3-BF4B-00C04F79EFBC}") = "20201202-02", "20201202-02\20201202-02.csproj", "{B24DD05E-C52E-4442-9B65-42A6075204F4}"
EndProject
Project("{FAE04EC0-301F-11D3-BF4B-00C04F79EFBC}") = "20201203-01", "20201203-01\20201203-01.csproj", "{48D30FFF-ED3E-4470-889D-FAE16D205DF0}"
EndProject
Project("{FAE04EC0-301F-11D3-BF4B-00C04F79EFBC}") = "20201203-02", "20201203-02\20201203-02.csproj", "{B67E44C4-89AD-47CC-B1A2-8772B14E6CC6}"
EndProject
Project("{FAE04EC0-301F-11D3-BF4B-00C04F79EFBC}") = "20201204-01", "20201204-01\20201204-01.csproj", "{3D846C4E-009A-4444-B368-2661E86A8B15}"
EndProject
Project("{2150E333-8FDC-42A3-9474-1A3956D46DE8}") = "Solution Items", "Solution Items", "{AEFF8DBC-6F2E-440B-AC97-6E9580CB2755}"
	ProjectSection(SolutionItems) = preProject
		Placeholder.cs = Placeholder.cs
	EndProjectSection
EndProject
Project("{FAE04EC0-301F-11D3-BF4B-00C04F79EFBC}") = "20201204-02", "20201204-02\20201204-02.csproj", "{91ECCE74-6087-4CC4-89E5-B075ED0A2DB4}"
EndProject
Project("{FAE04EC0-301F-11D3-BF4B-00C04F79EFBC}") = "20201205-01", "20201205-01\20201205-01.csproj", "{6D7D47EC-9274-43F6-9AA1-0DB73CCD6075}"
EndProject
Project("{FAE04EC0-301F-11D3-BF4B-00C04F79EFBC}") = "20201205-02", "20201205-02\20201205-02.csproj", "{0E5B2111-9C64-4311-933A-5F6EB42DDD8B}"
EndProject
Project("{FAE04EC0-301F-11D3-BF4B-00C04F79EFBC}") = "20201206-01", "20201206-01\20201206-01.csproj", "{1DA3CA71-95CE-45E5-A85B-045643B664E7}"
EndProject
Project("{FAE04EC0-301F-11D3-BF4B-00C04F79EFBC}") = "20201206-02", "20201206-02\20201206-02.csproj", "{CBDB24D6-D498-43EE-9CD7-28815FF1038D}"
EndProject
Project("{FAE04EC0-301F-11D3-BF4B-00C04F79EFBC}") = "20201207-01", "20201207-01\20201207-01.csproj", "{DF9394B4-BEFD-473A-AA7E-6B7F8D3AC76F}"
EndProject
Project("{FAE04EC0-301F-11D3-BF4B-00C04F79EFBC}") = "20201207-02", "20201207-02\20201207-02.csproj", "{04A89125-1BBD-462A-83CF-E9716DFA42E1}"
EndProject
Project("{9A19103F-16F7-4668-BE54-9A1E7A4F7556}") = "20201207-02_netcore", "20201207-02_netcore\20201207-02_netcore.csproj", "{6ACFF01F-878B-498B-B84C-4083CC6AF7A0}"
EndProject
Project("{9A19103F-16F7-4668-BE54-9A1E7A4F7556}") = "20201208-01", "20201208-01\20201208-01.csproj", "{C3F4985A-001A-445B-9BE9-0DB4394B4580}"
EndProject
Project("{9A19103F-16F7-4668-BE54-9A1E7A4F7556}") = "20201208-02", "20201208-02\20201208-02.csproj", "{C8D6176F-650A-4A78-B6E5-611B39297DA9}"
EndProject
Project("{9A19103F-16F7-4668-BE54-9A1E7A4F7556}") = "20201209-01", "20201209-01\20201209-01.csproj", "{C32018F8-5366-440F-A040-8D80E55EB075}"
EndProject
Project("{9A19103F-16F7-4668-BE54-9A1E7A4F7556}") = "20201209-02", "20201209-02\20201209-02.csproj", "{91B0DC62-9998-404A-B65A-1AC005DE6E2B}"
EndProject
Project("{9A19103F-16F7-4668-BE54-9A1E7A4F7556}") = "20201210-01", "20201210-01\20201210-01.csproj", "{C4580B0A-AB37-4F74-9688-81CF64B4314E}"
EndProject
Project("{9A19103F-16F7-4668-BE54-9A1E7A4F7556}") = "20201211-01", "20201211-01\20201211-01.csproj", "{803A3790-86D7-4C46-B8CE-40D808FFF497}"
EndProject
Project("{9A19103F-16F7-4668-BE54-9A1E7A4F7556}") = "20201213-01", "20201213-01\20201213-01.csproj", "{592671B1-32E0-4C55-9760-58963BF46074}"
EndProject
Project("{9A19103F-16F7-4668-BE54-9A1E7A4F7556}") = "20201213-02", "20201213-02\20201213-02.csproj", "{DFABA0CE-9DED-403D-A9C9-DD75339106F2}"
EndProject
Project("{9A19103F-16F7-4668-BE54-9A1E7A4F7556}") = "20201214-01", "20201214-01\20201214-01.csproj", "{F8E51C03-1226-41D4-837F-4E480EDA8172}"
EndProject
Project("{9A19103F-16F7-4668-BE54-9A1E7A4F7556}") = "20201214-02", "20201214-02\20201214-02.csproj", "{FEF84F07-31BB-44DF-AB6F-819F5D20C2D2}"
EndProject
Project("{9A19103F-16F7-4668-BE54-9A1E7A4F7556}") = "20201215-01", "20201215-01\20201215-01.csproj", "{1A42E4B1-9232-4B07-AFA7-5775C2F79614}"
EndProject
Project("{9A19103F-16F7-4668-BE54-9A1E7A4F7556}") = "20201215-02", "20201215-02\20201215-02.csproj", "{730884BC-602C-4854-8DE7-60B2DD8ABA2C}"
EndProject
Project("{9A19103F-16F7-4668-BE54-9A1E7A4F7556}") = "20201216-01", "20201216-01\20201216-01.csproj", "{417687DE-1EEF-47A0-B714-8B2890C4658D}"
EndProject
Project("{9A19103F-16F7-4668-BE54-9A1E7A4F7556}") = "20201216-02", "20201216-02\20201216-02.csproj", "{AE443989-4C5C-4C97-A7EF-300065478718}"
EndProject
Project("{9A19103F-16F7-4668-BE54-9A1E7A4F7556}") = "20201218-01", "20201218-01\20201218-01.csproj", "{360A1782-B432-4EEE-A158-AD2FC844EB9F}"
EndProject
Project("{9A19103F-16F7-4668-BE54-9A1E7A4F7556}") = "20201218-02", "20201218-02\20201218-02.csproj", "{0D759CCA-4BB0-4C04-B807-5C485E93262A}"
EndProject
Project("{FAE04EC0-301F-11D3-BF4B-00C04F79EFBC}") = "20201219-01", "20201219-01\20201219-01.csproj", "{931DB027-C2D4-415C-965E-77D866983CDF}"
EndProject
Project("{FAE04EC0-301F-11D3-BF4B-00C04F79EFBC}") = "20201219-02", "20201219-02\20201219-02.csproj", "{DEF3EFC1-C01B-467F-A0CD-C3D2D21C364A}"
EndProject
Global
	GlobalSection(SolutionConfigurationPlatforms) = preSolution
		Debug|Any CPU = Debug|Any CPU
		Release|Any CPU = Release|Any CPU
	EndGlobalSection
	GlobalSection(ProjectConfigurationPlatforms) = postSolution
		{03C66A74-6D12-4D83-8A6D-FB924EC23875}.Debug|Any CPU.ActiveCfg = Debug|Any CPU
		{03C66A74-6D12-4D83-8A6D-FB924EC23875}.Debug|Any CPU.Build.0 = Debug|Any CPU
		{03C66A74-6D12-4D83-8A6D-FB924EC23875}.Release|Any CPU.ActiveCfg = Release|Any CPU
		{03C66A74-6D12-4D83-8A6D-FB924EC23875}.Release|Any CPU.Build.0 = Release|Any CPU
		{F8B9FA76-D471-4146-9FFE-E3BB4A47F7EC}.Debug|Any CPU.ActiveCfg = Debug|Any CPU
		{F8B9FA76-D471-4146-9FFE-E3BB4A47F7EC}.Debug|Any CPU.Build.0 = Debug|Any CPU
		{F8B9FA76-D471-4146-9FFE-E3BB4A47F7EC}.Release|Any CPU.ActiveCfg = Release|Any CPU
		{F8B9FA76-D471-4146-9FFE-E3BB4A47F7EC}.Release|Any CPU.Build.0 = Release|Any CPU
		{F5E1499F-0F4E-4BAE-9D42-7C175923F59C}.Debug|Any CPU.ActiveCfg = Debug|Any CPU
		{F5E1499F-0F4E-4BAE-9D42-7C175923F59C}.Debug|Any CPU.Build.0 = Debug|Any CPU
		{F5E1499F-0F4E-4BAE-9D42-7C175923F59C}.Release|Any CPU.ActiveCfg = Release|Any CPU
		{F5E1499F-0F4E-4BAE-9D42-7C175923F59C}.Release|Any CPU.Build.0 = Release|Any CPU
		{B24DD05E-C52E-4442-9B65-42A6075204F4}.Debug|Any CPU.ActiveCfg = Debug|Any CPU
		{B24DD05E-C52E-4442-9B65-42A6075204F4}.Debug|Any CPU.Build.0 = Debug|Any CPU
		{B24DD05E-C52E-4442-9B65-42A6075204F4}.Release|Any CPU.ActiveCfg = Release|Any CPU
		{B24DD05E-C52E-4442-9B65-42A6075204F4}.Release|Any CPU.Build.0 = Release|Any CPU
		{48D30FFF-ED3E-4470-889D-FAE16D205DF0}.Debug|Any CPU.ActiveCfg = Debug|Any CPU
		{48D30FFF-ED3E-4470-889D-FAE16D205DF0}.Debug|Any CPU.Build.0 = Debug|Any CPU
		{48D30FFF-ED3E-4470-889D-FAE16D205DF0}.Release|Any CPU.ActiveCfg = Release|Any CPU
		{48D30FFF-ED3E-4470-889D-FAE16D205DF0}.Release|Any CPU.Build.0 = Release|Any CPU
		{B67E44C4-89AD-47CC-B1A2-8772B14E6CC6}.Debug|Any CPU.ActiveCfg = Debug|Any CPU
		{B67E44C4-89AD-47CC-B1A2-8772B14E6CC6}.Debug|Any CPU.Build.0 = Debug|Any CPU
		{B67E44C4-89AD-47CC-B1A2-8772B14E6CC6}.Release|Any CPU.ActiveCfg = Release|Any CPU
		{B67E44C4-89AD-47CC-B1A2-8772B14E6CC6}.Release|Any CPU.Build.0 = Release|Any CPU
		{3D846C4E-009A-4444-B368-2661E86A8B15}.Debug|Any CPU.ActiveCfg = Debug|Any CPU
		{3D846C4E-009A-4444-B368-2661E86A8B15}.Debug|Any CPU.Build.0 = Debug|Any CPU
		{3D846C4E-009A-4444-B368-2661E86A8B15}.Release|Any CPU.ActiveCfg = Release|Any CPU
		{3D846C4E-009A-4444-B368-2661E86A8B15}.Release|Any CPU.Build.0 = Release|Any CPU
		{91ECCE74-6087-4CC4-89E5-B075ED0A2DB4}.Debug|Any CPU.ActiveCfg = Debug|Any CPU
		{91ECCE74-6087-4CC4-89E5-B075ED0A2DB4}.Debug|Any CPU.Build.0 = Debug|Any CPU
		{91ECCE74-6087-4CC4-89E5-B075ED0A2DB4}.Release|Any CPU.ActiveCfg = Release|Any CPU
		{91ECCE74-6087-4CC4-89E5-B075ED0A2DB4}.Release|Any CPU.Build.0 = Release|Any CPU
		{6D7D47EC-9274-43F6-9AA1-0DB73CCD6075}.Debug|Any CPU.ActiveCfg = Debug|Any CPU
		{6D7D47EC-9274-43F6-9AA1-0DB73CCD6075}.Debug|Any CPU.Build.0 = Debug|Any CPU
		{6D7D47EC-9274-43F6-9AA1-0DB73CCD6075}.Release|Any CPU.ActiveCfg = Release|Any CPU
		{6D7D47EC-9274-43F6-9AA1-0DB73CCD6075}.Release|Any CPU.Build.0 = Release|Any CPU
		{0E5B2111-9C64-4311-933A-5F6EB42DDD8B}.Debug|Any CPU.ActiveCfg = Debug|Any CPU
		{0E5B2111-9C64-4311-933A-5F6EB42DDD8B}.Debug|Any CPU.Build.0 = Debug|Any CPU
		{0E5B2111-9C64-4311-933A-5F6EB42DDD8B}.Release|Any CPU.ActiveCfg = Release|Any CPU
		{0E5B2111-9C64-4311-933A-5F6EB42DDD8B}.Release|Any CPU.Build.0 = Release|Any CPU
		{1DA3CA71-95CE-45E5-A85B-045643B664E7}.Debug|Any CPU.ActiveCfg = Debug|Any CPU
		{1DA3CA71-95CE-45E5-A85B-045643B664E7}.Debug|Any CPU.Build.0 = Debug|Any CPU
		{1DA3CA71-95CE-45E5-A85B-045643B664E7}.Release|Any CPU.ActiveCfg = Release|Any CPU
		{1DA3CA71-95CE-45E5-A85B-045643B664E7}.Release|Any CPU.Build.0 = Release|Any CPU
		{CBDB24D6-D498-43EE-9CD7-28815FF1038D}.Debug|Any CPU.ActiveCfg = Debug|Any CPU
		{CBDB24D6-D498-43EE-9CD7-28815FF1038D}.Debug|Any CPU.Build.0 = Debug|Any CPU
		{CBDB24D6-D498-43EE-9CD7-28815FF1038D}.Release|Any CPU.ActiveCfg = Release|Any CPU
		{CBDB24D6-D498-43EE-9CD7-28815FF1038D}.Release|Any CPU.Build.0 = Release|Any CPU
		{DF9394B4-BEFD-473A-AA7E-6B7F8D3AC76F}.Debug|Any CPU.ActiveCfg = Debug|Any CPU
		{DF9394B4-BEFD-473A-AA7E-6B7F8D3AC76F}.Debug|Any CPU.Build.0 = Debug|Any CPU
		{DF9394B4-BEFD-473A-AA7E-6B7F8D3AC76F}.Release|Any CPU.ActiveCfg = Release|Any CPU
		{DF9394B4-BEFD-473A-AA7E-6B7F8D3AC76F}.Release|Any CPU.Build.0 = Release|Any CPU
		{04A89125-1BBD-462A-83CF-E9716DFA42E1}.Debug|Any CPU.ActiveCfg = Debug|Any CPU
		{04A89125-1BBD-462A-83CF-E9716DFA42E1}.Debug|Any CPU.Build.0 = Debug|Any CPU
		{04A89125-1BBD-462A-83CF-E9716DFA42E1}.Release|Any CPU.ActiveCfg = Release|Any CPU
		{04A89125-1BBD-462A-83CF-E9716DFA42E1}.Release|Any CPU.Build.0 = Release|Any CPU
		{6ACFF01F-878B-498B-B84C-4083CC6AF7A0}.Debug|Any CPU.ActiveCfg = Debug|Any CPU
		{6ACFF01F-878B-498B-B84C-4083CC6AF7A0}.Debug|Any CPU.Build.0 = Debug|Any CPU
		{6ACFF01F-878B-498B-B84C-4083CC6AF7A0}.Release|Any CPU.ActiveCfg = Release|Any CPU
		{6ACFF01F-878B-498B-B84C-4083CC6AF7A0}.Release|Any CPU.Build.0 = Release|Any CPU
		{C3F4985A-001A-445B-9BE9-0DB4394B4580}.Debug|Any CPU.ActiveCfg = Debug|Any CPU
		{C3F4985A-001A-445B-9BE9-0DB4394B4580}.Debug|Any CPU.Build.0 = Debug|Any CPU
		{C3F4985A-001A-445B-9BE9-0DB4394B4580}.Release|Any CPU.ActiveCfg = Release|Any CPU
		{C3F4985A-001A-445B-9BE9-0DB4394B4580}.Release|Any CPU.Build.0 = Release|Any CPU
		{C8D6176F-650A-4A78-B6E5-611B39297DA9}.Debug|Any CPU.ActiveCfg = Debug|Any CPU
		{C8D6176F-650A-4A78-B6E5-611B39297DA9}.Debug|Any CPU.Build.0 = Debug|Any CPU
		{C8D6176F-650A-4A78-B6E5-611B39297DA9}.Release|Any CPU.ActiveCfg = Release|Any CPU
		{C8D6176F-650A-4A78-B6E5-611B39297DA9}.Release|Any CPU.Build.0 = Release|Any CPU
		{C32018F8-5366-440F-A040-8D80E55EB075}.Debug|Any CPU.ActiveCfg = Debug|Any CPU
		{C32018F8-5366-440F-A040-8D80E55EB075}.Debug|Any CPU.Build.0 = Debug|Any CPU
		{C32018F8-5366-440F-A040-8D80E55EB075}.Release|Any CPU.ActiveCfg = Release|Any CPU
		{C32018F8-5366-440F-A040-8D80E55EB075}.Release|Any CPU.Build.0 = Release|Any CPU
		{91B0DC62-9998-404A-B65A-1AC005DE6E2B}.Debug|Any CPU.ActiveCfg = Debug|Any CPU
		{91B0DC62-9998-404A-B65A-1AC005DE6E2B}.Debug|Any CPU.Build.0 = Debug|Any CPU
		{91B0DC62-9998-404A-B65A-1AC005DE6E2B}.Release|Any CPU.ActiveCfg = Release|Any CPU
		{91B0DC62-9998-404A-B65A-1AC005DE6E2B}.Release|Any CPU.Build.0 = Release|Any CPU
		{C4580B0A-AB37-4F74-9688-81CF64B4314E}.Debug|Any CPU.ActiveCfg = Debug|Any CPU
		{C4580B0A-AB37-4F74-9688-81CF64B4314E}.Debug|Any CPU.Build.0 = Debug|Any CPU
		{C4580B0A-AB37-4F74-9688-81CF64B4314E}.Release|Any CPU.ActiveCfg = Release|Any CPU
		{C4580B0A-AB37-4F74-9688-81CF64B4314E}.Release|Any CPU.Build.0 = Release|Any CPU
		{803A3790-86D7-4C46-B8CE-40D808FFF497}.Debug|Any CPU.ActiveCfg = Debug|Any CPU
		{803A3790-86D7-4C46-B8CE-40D808FFF497}.Debug|Any CPU.Build.0 = Debug|Any CPU
		{803A3790-86D7-4C46-B8CE-40D808FFF497}.Release|Any CPU.ActiveCfg = Release|Any CPU
		{803A3790-86D7-4C46-B8CE-40D808FFF497}.Release|Any CPU.Build.0 = Release|Any CPU
		{592671B1-32E0-4C55-9760-58963BF46074}.Debug|Any CPU.ActiveCfg = Debug|Any CPU
		{592671B1-32E0-4C55-9760-58963BF46074}.Debug|Any CPU.Build.0 = Debug|Any CPU
		{592671B1-32E0-4C55-9760-58963BF46074}.Release|Any CPU.ActiveCfg = Release|Any CPU
		{592671B1-32E0-4C55-9760-58963BF46074}.Release|Any CPU.Build.0 = Release|Any CPU
		{DFABA0CE-9DED-403D-A9C9-DD75339106F2}.Debug|Any CPU.ActiveCfg = Debug|Any CPU
		{DFABA0CE-9DED-403D-A9C9-DD75339106F2}.Debug|Any CPU.Build.0 = Debug|Any CPU
		{DFABA0CE-9DED-403D-A9C9-DD75339106F2}.Release|Any CPU.ActiveCfg = Release|Any CPU
		{DFABA0CE-9DED-403D-A9C9-DD75339106F2}.Release|Any CPU.Build.0 = Release|Any CPU
		{F8E51C03-1226-41D4-837F-4E480EDA8172}.Debug|Any CPU.ActiveCfg = Debug|Any CPU
		{F8E51C03-1226-41D4-837F-4E480EDA8172}.Debug|Any CPU.Build.0 = Debug|Any CPU
		{F8E51C03-1226-41D4-837F-4E480EDA8172}.Release|Any CPU.ActiveCfg = Release|Any CPU
		{F8E51C03-1226-41D4-837F-4E480EDA8172}.Release|Any CPU.Build.0 = Release|Any CPU
		{FEF84F07-31BB-44DF-AB6F-819F5D20C2D2}.Debug|Any CPU.ActiveCfg = Debug|Any CPU
		{FEF84F07-31BB-44DF-AB6F-819F5D20C2D2}.Debug|Any CPU.Build.0 = Debug|Any CPU
		{FEF84F07-31BB-44DF-AB6F-819F5D20C2D2}.Release|Any CPU.ActiveCfg = Release|Any CPU
		{FEF84F07-31BB-44DF-AB6F-819F5D20C2D2}.Release|Any CPU.Build.0 = Release|Any CPU
		{1A42E4B1-9232-4B07-AFA7-5775C2F79614}.Debug|Any CPU.ActiveCfg = Debug|Any CPU
		{1A42E4B1-9232-4B07-AFA7-5775C2F79614}.Debug|Any CPU.Build.0 = Debug|Any CPU
		{1A42E4B1-9232-4B07-AFA7-5775C2F79614}.Release|Any CPU.ActiveCfg = Release|Any CPU
		{1A42E4B1-9232-4B07-AFA7-5775C2F79614}.Release|Any CPU.Build.0 = Release|Any CPU
		{730884BC-602C-4854-8DE7-60B2DD8ABA2C}.Debug|Any CPU.ActiveCfg = Debug|Any CPU
		{730884BC-602C-4854-8DE7-60B2DD8ABA2C}.Debug|Any CPU.Build.0 = Debug|Any CPU
		{730884BC-602C-4854-8DE7-60B2DD8ABA2C}.Release|Any CPU.ActiveCfg = Release|Any CPU
		{730884BC-602C-4854-8DE7-60B2DD8ABA2C}.Release|Any CPU.Build.0 = Release|Any CPU
		{417687DE-1EEF-47A0-B714-8B2890C4658D}.Debug|Any CPU.ActiveCfg = Debug|Any CPU
		{417687DE-1EEF-47A0-B714-8B2890C4658D}.Debug|Any CPU.Build.0 = Debug|Any CPU
		{417687DE-1EEF-47A0-B714-8B2890C4658D}.Release|Any CPU.ActiveCfg = Release|Any CPU
		{417687DE-1EEF-47A0-B714-8B2890C4658D}.Release|Any CPU.Build.0 = Release|Any CPU
		{AE443989-4C5C-4C97-A7EF-300065478718}.Debug|Any CPU.ActiveCfg = Debug|Any CPU
		{AE443989-4C5C-4C97-A7EF-300065478718}.Debug|Any CPU.Build.0 = Debug|Any CPU
		{AE443989-4C5C-4C97-A7EF-300065478718}.Release|Any CPU.ActiveCfg = Release|Any CPU
		{AE443989-4C5C-4C97-A7EF-300065478718}.Release|Any CPU.Build.0 = Release|Any CPU
		{360A1782-B432-4EEE-A158-AD2FC844EB9F}.Debug|Any CPU.ActiveCfg = Debug|Any CPU
		{360A1782-B432-4EEE-A158-AD2FC844EB9F}.Debug|Any CPU.Build.0 = Debug|Any CPU
		{360A1782-B432-4EEE-A158-AD2FC844EB9F}.Release|Any CPU.ActiveCfg = Release|Any CPU
		{360A1782-B432-4EEE-A158-AD2FC844EB9F}.Release|Any CPU.Build.0 = Release|Any CPU
		{0D759CCA-4BB0-4C04-B807-5C485E93262A}.Debug|Any CPU.ActiveCfg = Debug|Any CPU
		{0D759CCA-4BB0-4C04-B807-5C485E93262A}.Debug|Any CPU.Build.0 = Debug|Any CPU
		{0D759CCA-4BB0-4C04-B807-5C485E93262A}.Release|Any CPU.ActiveCfg = Release|Any CPU
		{0D759CCA-4BB0-4C04-B807-5C485E93262A}.Release|Any CPU.Build.0 = Release|Any CPU
		{931DB027-C2D4-415C-965E-77D866983CDF}.Debug|Any CPU.ActiveCfg = Debug|Any CPU
		{931DB027-C2D4-415C-965E-77D866983CDF}.Debug|Any CPU.Build.0 = Debug|Any CPU
		{931DB027-C2D4-415C-965E-77D866983CDF}.Release|Any CPU.ActiveCfg = Release|Any CPU
		{931DB027-C2D4-415C-965E-77D866983CDF}.Release|Any CPU.Build.0 = Release|Any CPU
		{DEF3EFC1-C01B-467F-A0CD-C3D2D21C364A}.Debug|Any CPU.ActiveCfg = Debug|Any CPU
		{DEF3EFC1-C01B-467F-A0CD-C3D2D21C364A}.Debug|Any CPU.Build.0 = Debug|Any CPU
		{DEF3EFC1-C01B-467F-A0CD-C3D2D21C364A}.Release|Any CPU.ActiveCfg = Release|Any CPU
		{DEF3EFC1-C01B-467F-A0CD-C3D2D21C364A}.Release|Any CPU.Build.0 = Release|Any CPU
	EndGlobalSection
	GlobalSection(SolutionProperties) = preSolution
		HideSolutionNode = FALSE
	EndGlobalSection
	GlobalSection(ExtensibilityGlobals) = postSolution
		SolutionGuid = {DB0656FC-C5B9-4A44-A763-B56D28D3506B}
	EndGlobalSection
EndGlobal
